
Microsoft Visual Studio Solution File, Format Version 12.00
# Visual Studio Version 16
VisualStudioVersion = 16.0.31624.102
MinimumVisualStudioVersion = 10.0.40219.1
Project("{FAE04EC0-301F-11D3-BF4B-00C04F79EFBC}") = "Northwind_Veritabanı_Egzersizi", "Northwind_Veritabanı_Egzersizi.csproj", "{D37C2881-04CF-420D-9DF6-ABF50B1063A7}"
EndProject
Global
	GlobalSection(SolutionConfigurationPlatforms) = preSolution
		Debug|Any CPU = Debug|Any CPU
		Release|Any CPU = Release|Any CPU
	EndGlobalSection
	GlobalSection(ProjectConfigurationPlatforms) = postSolution
		{D37C2881-04CF-420D-9DF6-ABF50B1063A7}.Debug|Any CPU.ActiveCfg = Debug|Any CPU
		{D37C2881-04CF-420D-9DF6-ABF50B1063A7}.Debug|Any CPU.Build.0 = Debug|Any CPU
		{D37C2881-04CF-420D-9DF6-ABF50B1063A7}.Release|Any CPU.ActiveCfg = Release|Any CPU
		{D37C2881-04CF-420D-9DF6-ABF50B1063A7}.Release|Any CPU.Build.0 = Release|Any CPU
	EndGlobalSection
	GlobalSection(SolutionProperties) = preSolution
		HideSolutionNode = FALSE
	EndGlobalSection
	GlobalSection(ExtensibilityGlobals) = postSolution
		SolutionGuid = {1D445500-4A49-4FBE-98C9-ADFE2E8F850A}
	EndGlobalSection
EndGlobal
